// !$*UTF8*$!
{
	archiveVersion = 1;
	classes = {
	};
	objectVersion = 46;
	objects = {

/* Begin PBXBuildFile section */
		64A995891B89269700C93CA2 /* SettingsViewController.swift in Sources */ = {isa = PBXBuildFile; fileRef = 64A995881B89269700C93CA2 /* SettingsViewController.swift */; };
		64A9958C1B89277E00C93CA2 /* SettingsConstants.swift in Sources */ = {isa = PBXBuildFile; fileRef = 64A9958B1B89277E00C93CA2 /* SettingsConstants.swift */; };
		64BF43831B88DEB3009BCCE2 /* AppDelegate.swift in Sources */ = {isa = PBXBuildFile; fileRef = 64BF43821B88DEB3009BCCE2 /* AppDelegate.swift */; };
		64BF43851B88DEB3009BCCE2 /* ViewController.swift in Sources */ = {isa = PBXBuildFile; fileRef = 64BF43841B88DEB3009BCCE2 /* ViewController.swift */; };
		64BF43881B88DEB4009BCCE2 /* Main.storyboard in Resources */ = {isa = PBXBuildFile; fileRef = 64BF43861B88DEB4009BCCE2 /* Main.storyboard */; };
		64BF438A1B88DEB4009BCCE2 /* Images.xcassets in Resources */ = {isa = PBXBuildFile; fileRef = 64BF43891B88DEB4009BCCE2 /* Images.xcassets */; };
		64BF438D1B88DEB4009BCCE2 /* LaunchScreen.xib in Resources */ = {isa = PBXBuildFile; fileRef = 64BF438B1B88DEB4009BCCE2 /* LaunchScreen.xib */; };
		64BF43991B88DEB4009BCCE2 /* tipprTests.swift in Sources */ = {isa = PBXBuildFile; fileRef = 64BF43981B88DEB4009BCCE2 /* tipprTests.swift */; };
/* End PBXBuildFile section */

/* Begin PBXContainerItemProxy section */
		64BF43931B88DEB4009BCCE2 /* PBXContainerItemProxy */ = {
			isa = PBXContainerItemProxy;
			containerPortal = 64BF43751B88DEB3009BCCE2 /* Project object */;
			proxyType = 1;
			remoteGlobalIDString = 64BF437C1B88DEB3009BCCE2;
			remoteInfo = tippr;
		};
/* End PBXContainerItemProxy section */

/* Begin PBXFileReference section */
		64A995881B89269700C93CA2 /* SettingsViewController.swift */ = {isa = PBXFileReference; fileEncoding = 4; lastKnownFileType = sourcecode.swift; path = SettingsViewController.swift; sourceTree = "<group>"; };
		64A9958B1B89277E00C93CA2 /* SettingsConstants.swift */ = {isa = PBXFileReference; fileEncoding = 4; lastKnownFileType = sourcecode.swift; path = SettingsConstants.swift; sourceTree = "<group>"; };
		64BF437D1B88DEB3009BCCE2 /* tippr.app */ = {isa = PBXFileReference; explicitFileType = wrapper.application; includeInIndex = 0; path = tippr.app; sourceTree = BUILT_PRODUCTS_DIR; };
		64BF43811B88DEB3009BCCE2 /* Info.plist */ = {isa = PBXFileReference; lastKnownFileType = text.plist.xml; path = Info.plist; sourceTree = "<group>"; };
		64BF43821B88DEB3009BCCE2 /* AppDelegate.swift */ = {isa = PBXFileReference; lastKnownFileType = sourcecode.swift; path = AppDelegate.swift; sourceTree = "<group>"; };
		64BF43841B88DEB3009BCCE2 /* ViewController.swift */ = {isa = PBXFileReference; lastKnownFileType = sourcecode.swift; path = ViewController.swift; sourceTree = "<group>"; };
		64BF43871B88DEB4009BCCE2 /* Base */ = {isa = PBXFileReference; lastKnownFileType = file.storyboard; name = Base; path = Base.lproj/Main.storyboard; sourceTree = "<group>"; };
		64BF43891B88DEB4009BCCE2 /* Images.xcassets */ = {isa = PBXFileReference; lastKnownFileType = folder.assetcatalog; path = Images.xcassets; sourceTree = "<group>"; };
		64BF438C1B88DEB4009BCCE2 /* Base */ = {isa = PBXFileReference; lastKnownFileType = file.xib; name = Base; path = Base.lproj/LaunchScreen.xib; sourceTree = "<group>"; };
		64BF43921B88DEB4009BCCE2 /* tipprTests.xctest */ = {isa = PBXFileReference; explicitFileType = wrapper.cfbundle; includeInIndex = 0; path = tipprTests.xctest; sourceTree = BUILT_PRODUCTS_DIR; };
		64BF43971B88DEB4009BCCE2 /* Info.plist */ = {isa = PBXFileReference; lastKnownFileType = text.plist.xml; path = Info.plist; sourceTree = "<group>"; };
		64BF43981B88DEB4009BCCE2 /* tipprTests.swift */ = {isa = PBXFileReference; lastKnownFileType = sourcecode.swift; path = tipprTests.swift; sourceTree = "<group>"; };
/* End PBXFileReference section */

/* Begin PBXFrameworksBuildPhase section */
		64BF437A1B88DEB3009BCCE2 /* Frameworks */ = {
			isa = PBXFrameworksBuildPhase;
			buildActionMask = 2147483647;
			files = (
			);
			runOnlyForDeploymentPostprocessing = 0;
		};
		64BF438F1B88DEB4009BCCE2 /* Frameworks */ = {
			isa = PBXFrameworksBuildPhase;
			buildActionMask = 2147483647;
			files = (
			);
			runOnlyForDeploymentPostprocessing = 0;
		};
/* End PBXFrameworksBuildPhase section */

/* Begin PBXGroup section */
		64A9958A1B8926A000C93CA2 /* ViewControllers */ = {
			isa = PBXGroup;
			children = (
				64A995881B89269700C93CA2 /* SettingsViewController.swift */,
			);
			name = ViewControllers;
			sourceTree = "<group>";
		};
		64BF43741B88DEB3009BCCE2 = {
			isa = PBXGroup;
			children = (
				64BF437F1B88DEB3009BCCE2 /* tippr */,
				64BF43951B88DEB4009BCCE2 /* tipprTests */,
				64BF437E1B88DEB3009BCCE2 /* Products */,
			);
			sourceTree = "<group>";
		};
		64BF437E1B88DEB3009BCCE2 /* Products */ = {
			isa = PBXGroup;
			children = (
				64BF437D1B88DEB3009BCCE2 /* tippr.app */,
				64BF43921B88DEB4009BCCE2 /* tipprTests.xctest */,
			);
			name = Products;
			sourceTree = "<group>";
		};
		64BF437F1B88DEB3009BCCE2 /* tippr */ = {
			isa = PBXGroup;
			children = (
				64A9958A1B8926A000C93CA2 /* ViewControllers */,
				64BF43821B88DEB3009BCCE2 /* AppDelegate.swift */,
				64BF43841B88DEB3009BCCE2 /* ViewController.swift */,
				64BF43861B88DEB4009BCCE2 /* Main.storyboard */,
				64A9958B1B89277E00C93CA2 /* SettingsConstants.swift */,
				64BF43891B88DEB4009BCCE2 /* Images.xcassets */,
				64BF438B1B88DEB4009BCCE2 /* LaunchScreen.xib */,
				64BF43801B88DEB3009BCCE2 /* Supporting Files */,
			);
			path = tippr;
			sourceTree = "<group>";
		};
		64BF43801B88DEB3009BCCE2 /* Supporting Files */ = {
			isa = PBXGroup;
			children = (
				64BF43811B88DEB3009BCCE2 /* Info.plist */,
			);
			name = "Supporting Files";
			sourceTree = "<group>";
		};
		64BF43951B88DEB4009BCCE2 /* tipprTests */ = {
			isa = PBXGroup;
			children = (
				64BF43981B88DEB4009BCCE2 /* tipprTests.swift */,
				64BF43961B88DEB4009BCCE2 /* Supporting Files */,
			);
			path = tipprTests;
			sourceTree = "<group>";
		};
		64BF43961B88DEB4009BCCE2 /* Supporting Files */ = {
			isa = PBXGroup;
			children = (
				64BF43971B88DEB4009BCCE2 /* Info.plist */,
			);
			name = "Supporting Files";
			sourceTree = "<group>";
		};
/* End PBXGroup section */

/* Begin PBXNativeTarget section */
		64BF437C1B88DEB3009BCCE2 /* tippr */ = {
			isa = PBXNativeTarget;
			buildConfigurationList = 64BF439C1B88DEB4009BCCE2 /* Build configuration list for PBXNativeTarget "tippr" */;
			buildPhases = (
				64BF43791B88DEB3009BCCE2 /* Sources */,
				64BF437A1B88DEB3009BCCE2 /* Frameworks */,
				64BF437B1B88DEB3009BCCE2 /* Resources */,
			);
			buildRules = (
			);
			dependencies = (
			);
			name = tippr;
			productName = tippr;
			productReference = 64BF437D1B88DEB3009BCCE2 /* tippr.app */;
			productType = "com.apple.product-type.application";
		};
		64BF43911B88DEB4009BCCE2 /* tipprTests */ = {
			isa = PBXNativeTarget;
			buildConfigurationList = 64BF439F1B88DEB4009BCCE2 /* Build configuration list for PBXNativeTarget "tipprTests" */;
			buildPhases = (
				64BF438E1B88DEB4009BCCE2 /* Sources */,
				64BF438F1B88DEB4009BCCE2 /* Frameworks */,
				64BF43901B88DEB4009BCCE2 /* Resources */,
			);
			buildRules = (
			);
			dependencies = (
				64BF43941B88DEB4009BCCE2 /* PBXTargetDependency */,
			);
			name = tipprTests;
			productName = tipprTests;
			productReference = 64BF43921B88DEB4009BCCE2 /* tipprTests.xctest */;
			productType = "com.apple.product-type.bundle.unit-test";
		};
/* End PBXNativeTarget section */

/* Begin PBXProject section */
		64BF43751B88DEB3009BCCE2 /* Project object */ = {
			isa = PBXProject;
			attributes = {
				LastUpgradeCheck = 0640;
				ORGANIZATIONNAME = krze;
				TargetAttributes = {
					64BF437C1B88DEB3009BCCE2 = {
						CreatedOnToolsVersion = 6.4;
					};
					64BF43911B88DEB4009BCCE2 = {
						CreatedOnToolsVersion = 6.4;
						TestTargetID = 64BF437C1B88DEB3009BCCE2;
					};
				};
			};
			buildConfigurationList = 64BF43781B88DEB3009BCCE2 /* Build configuration list for PBXProject "tippr" */;
			compatibilityVersion = "Xcode 3.2";
			developmentRegion = English;
			hasScannedForEncodings = 0;
			knownRegions = (
				en,
				Base,
			);
			mainGroup = 64BF43741B88DEB3009BCCE2;
			productRefGroup = 64BF437E1B88DEB3009BCCE2 /* Products */;
			projectDirPath = "";
			projectRoot = "";
			targets = (
				64BF437C1B88DEB3009BCCE2 /* tippr */,
				64BF43911B88DEB4009BCCE2 /* tipprTests */,
			);
		};
/* End PBXProject section */

/* Begin PBXResourcesBuildPhase section */
		64BF437B1B88DEB3009BCCE2 /* Resources */ = {
			isa = PBXResourcesBuildPhase;
			buildActionMask = 2147483647;
			files = (
				64BF43881B88DEB4009BCCE2 /* Main.storyboard in Resources */,
				64BF438D1B88DEB4009BCCE2 /* LaunchScreen.xib in Resources */,
				64BF438A1B88DEB4009BCCE2 /* Images.xcassets in Resources */,
			);
			runOnlyForDeploymentPostprocessing = 0;
		};
		64BF43901B88DEB4009BCCE2 /* Resources */ = {
			isa = PBXResourcesBuildPhase;
			buildActionMask = 2147483647;
			files = (
			);
			runOnlyForDeploymentPostprocessing = 0;
		};
/* End PBXResourcesBuildPhase section */

/* Begin PBXSourcesBuildPhase section */
		64BF43791B88DEB3009BCCE2 /* Sources */ = {
			isa = PBXSourcesBuildPhase;
			buildActionMask = 2147483647;
			files = (
				64A9958C1B89277E00C93CA2 /* SettingsConstants.swift in Sources */,
				64BF43851B88DEB3009BCCE2 /* ViewController.swift in Sources */,
				64BF43831B88DEB3009BCCE2 /* AppDelegate.swift in Sources */,
				64A995891B89269700C93CA2 /* SettingsViewController.swift in Sources */,
			);
			runOnlyForDeploymentPostprocessing = 0;
		};
		64BF438E1B88DEB4009BCCE2 /* Sources */ = {
			isa = PBXSourcesBuildPhase;
			buildActionMask = 2147483647;
			files = (
				64BF43991B88DEB4009BCCE2 /* tipprTests.swift in Sources */,
			);
			runOnlyForDeploymentPostprocessing = 0;
		};
/* End PBXSourcesBuildPhase section */

/* Begin PBXTargetDependency section */
		64BF43941B88DEB4009BCCE2 /* PBXTargetDependency */ = {
			isa = PBXTargetDependency;
			target = 64BF437C1B88DEB3009BCCE2 /* tippr */;
			targetProxy = 64BF43931B88DEB4009BCCE2 /* PBXContainerItemProxy */;
		};
/* End PBXTargetDependency section */

/* Begin PBXVariantGroup section */
		64BF43861B88DEB4009BCCE2 /* Main.storyboard */ = {
			isa = PBXVariantGroup;
			children = (
				64BF43871B88DEB4009BCCE2 /* Base */,
			);
			name = Main.storyboard;
			sourceTree = "<group>";
		};
		64BF438B1B88DEB4009BCCE2 /* LaunchScreen.xib */ = {
			isa = PBXVariantGroup;
			children = (
				64BF438C1B88DEB4009BCCE2 /* Base */,
			);
			name = LaunchScreen.xib;
			sourceTree = "<group>";
		};
/* End PBXVariantGroup section */

/* Begin XCBuildConfiguration section */
		64BF439A1B88DEB4009BCCE2 /* Debug */ = {
			isa = XCBuildConfiguration;
			buildSettings = {
				ALWAYS_SEARCH_USER_PATHS = NO;
				CLANG_CXX_LANGUAGE_STANDARD = "gnu++0x";
				CLANG_CXX_LIBRARY = "libc++";
				CLANG_ENABLE_MODULES = YES;
				CLANG_ENABLE_OBJC_ARC = YES;
				CLANG_WARN_BOOL_CONVERSION = YES;
				CLANG_WARN_CONSTANT_CONVERSION = YES;
				CLANG_WARN_DIRECT_OBJC_ISA_USAGE = YES_ERROR;
				CLANG_WARN_EMPTY_BODY = YES;
				CLANG_WARN_ENUM_CONVERSION = YES;
				CLANG_WARN_INT_CONVERSION = YES;
				CLANG_WARN_OBJC_ROOT_CLASS = YES_ERROR;
				CLANG_WARN_UNREACHABLE_CODE = YES;
				CLANG_WARN__DUPLICATE_METHOD_MATCH = YES;
				"CODE_SIGN_IDENTITY[sdk=iphoneos*]" = "iPhone Developer";
				COPY_PHASE_STRIP = NO;
				DEBUG_INFORMATION_FORMAT = "dwarf-with-dsym";
				ENABLE_STRICT_OBJC_MSGSEND = YES;
				GCC_C_LANGUAGE_STANDARD = gnu99;
				GCC_DYNAMIC_NO_PIC = NO;
				GCC_NO_COMMON_BLOCKS = YES;
				GCC_OPTIMIZATION_LEVEL = 0;
				GCC_PREPROCESSOR_DEFINITIONS = (
					"DEBUG=1",
					"$(inherited)",
				);
				GCC_SYMBOLS_PRIVATE_EXTERN = NO;
				GCC_WARN_64_TO_32_BIT_CONVERSION = YES;
				GCC_WARN_ABOUT_RETURN_TYPE = YES_ERROR;
				GCC_WARN_UNDECLARED_SELECTOR = YES;
				GCC_WARN_UNINITIALIZED_AUTOS = YES_AGGRESSIVE;
				GCC_WARN_UNUSED_FUNCTION = YES;
				GCC_WARN_UNUSED_VARIABLE = YES;
				IPHONEOS_DEPLOYMENT_TARGET = 8.4;
				MTL_ENABLE_DEBUG_INFO = YES;
				ONLY_ACTIVE_ARCH = YES;
				SDKROOT = iphoneos;
				SWIFT_OPTIMIZATION_LEVEL = "-Onone";
			};
			name = Debug;
		};
		64BF439B1B88DEB4009BCCE2 /* Release */ = {
			isa = XCBuildConfiguration;
			buildSettings = {
				ALWAYS_SEARCH_USER_PATHS = NO;
				CLANG_CXX_LANGUAGE_STANDARD = "gnu++0x";
				CLANG_CXX_LIBRARY = "libc++";
				CLANG_ENABLE_MODULES = YES;
				CLANG_ENABLE_OBJC_ARC = YES;
				CLANG_WARN_BOOL_CONVERSION = YES;
				CLANG_WARN_CONSTANT_CONVERSION = YES;
				CLANG_WARN_DIRECT_OBJC_ISA_USAGE = YES_ERROR;
				CLANG_WARN_EMPTY_BODY = YES;
				CLANG_WARN_ENUM_CONVERSION = YES;
				CLANG_WARN_INT_CONVERSION = YES;
				CLANG_WARN_OBJC_ROOT_CLASS = YES_ERROR;
				CLANG_WARN_UNREACHABLE_CODE = YES;
				CLANG_WARN__DUPLICATE_METHOD_MATCH = YES;
				"CODE_SIGN_IDENTITY[sdk=iphoneos*]" = "iPhone Developer";
				COPY_PHASE_STRIP = NO;
				DEBUG_INFORMATION_FORMAT = "dwarf-with-dsym";
				ENABLE_NS_ASSERTIONS = NO;
				ENABLE_STRICT_OBJC_MSGSEND = YES;
				GCC_C_LANGUAGE_STANDARD = gnu99;
				GCC_NO_COMMON_BLOCKS = YES;
				GCC_WARN_64_TO_32_BIT_CONVERSION = YES;
				GCC_WARN_ABOUT_RETURN_TYPE = YES_ERROR;
				GCC_WARN_UNDECLARED_SELECTOR = YES;
				GCC_WARN_UNINITIALIZED_AUTOS = YES_AGGRESSIVE;
				GCC_WARN_UNUSED_FUNCTION = YES;
				GCC_WARN_UNUSED_VARIABLE = YES;
				IPHONEOS_DEPLOYMENT_TARGET = 8.4;
				MTL_ENABLE_DEBUG_INFO = NO;
				SDKROOT = iphoneos;
				VALIDATE_PRODUCT = YES;
			};
			name = Release;
		};
		64BF439D1B88DEB4009BCCE2 /* Debug */ = {
			isa = XCBuildConfiguration;
			buildSettings = {
				ASSETCATALOG_COMPILER_APPICON_NAME = AppIcon;
				INFOPLIST_FILE = tippr/Info.plist;
				IPHONEOS_DEPLOYMENT_TARGET = 8.0;
				LD_RUNPATH_SEARCH_PATHS = "$(inherited) @executable_path/Frameworks";
				PRODUCT_NAME = "$(TARGET_NAME)";
				TARGETED_DEVICE_FAMILY = 1;
			};
			name = Debug;
		};
		64BF439E1B88DEB4009BCCE2 /* Release */ = {
			isa = XCBuildConfiguration;
			buildSettings = {
				ASSETCATALOG_COMPILER_APPICON_NAME = AppIcon;
				INFOPLIST_FILE = tippr/Info.plist;
				IPHONEOS_DEPLOYMENT_TARGET = 8.0;
				LD_RUNPATH_SEARCH_PATHS = "$(inherited) @executable_path/Frameworks";
				PRODUCT_NAME = "$(TARGET_NAME)";
				TARGETED_DEVICE_FAMILY = 1;
			};
			name = Release;
		};
		64BF43A01B88DEB4009BCCE2 /* Debug */ = {
			isa = XCBuildConfiguration;
			buildSettings = {
				BUNDLE_LOADER = "$(TEST_HOST)";
				FRAMEWORK_SEARCH_PATHS = (
					"$(SDKROOT)/Developer/Library/Frameworks",
					"$(inherited)",
				);
				GCC_PREPROCESSOR_DEFINITIONS = (
					"DEBUG=1",
					"$(inherited)",
				);
				INFOPLIST_FILE = tipprTests/Info.plist;
				LD_RUNPATH_SEARCH_PATHS = "$(inherited) @executable_path/Frameworks @loader_path/Frameworks";
				PRODUCT_NAME = "$(TARGET_NAME)";
				TEST_HOST = "$(BUILT_PRODUCTS_DIR)/tippr.app/tippr";
			};
			name = Debug;
		};
		64BF43A11B88DEB4009BCCE2 /* Release */ = {
			isa = XCBuildConfiguration;
			buildSettings = {
				BUNDLE_LOADER = "$(TEST_HOST)";
				FRAMEWORK_SEARCH_PATHS = (
					"$(SDKROOT)/Developer/Library/Frameworks",
					"$(inherited)",
				);
				INFOPLIST_FILE = tipprTests/Info.plist;
				LD_RUNPATH_SEARCH_PATHS = "$(inherited) @executable_path/Frameworks @loader_path/Frameworks";
				PRODUCT_NAME = "$(TARGET_NAME)";
				TEST_HOST = "$(BUILT_PRODUCTS_DIR)/tippr.app/tippr";
			};
			name = Release;
		};
/* End XCBuildConfiguration section */

/* Begin XCConfigurationList section */
		64BF43781B88DEB3009BCCE2 /* Build configuration list for PBXProject "tippr" */ = {
			isa = XCConfigurationList;
			buildConfigurations = (
				64BF439A1B88DEB4009BCCE2 /* Debug */,
				64BF439B1B88DEB4009BCCE2 /* Release */,
			);
			defaultConfigurationIsVisible = 0;
			defaultConfigurationName = Release;
		};
		64BF439C1B88DEB4009BCCE2 /* Build configuration list for PBXNativeTarget "tippr" */ = {
			isa = XCConfigurationList;
			buildConfigurations = (
				64BF439D1B88DEB4009BCCE2 /* Debug */,
				64BF439E1B88DEB4009BCCE2 /* Release */,
			);
			defaultConfigurationIsVisible = 0;
			defaultConfigurationName = Release;
		};
		64BF439F1B88DEB4009BCCE2 /* Build configuration list for PBXNativeTarget "tipprTests" */ = {
			isa = XCConfigurationList;
			buildConfigurations = (
				64BF43A01B88DEB4009BCCE2 /* Debug */,
				64BF43A11B88DEB4009BCCE2 /* Release */,
			);
			defaultConfigurationIsVisible = 0;
			defaultConfigurationName = Release;
		};
/* End XCConfigurationList section */
	};
	rootObject = 64BF43751B88DEB3009BCCE2 /* Project object */;
}
